
Microsoft Visual Studio Solution File, Format Version 12.00
# Visual Studio Version 17
VisualStudioVersion = 17.9.34723.18
MinimumVisualStudioVersion = 10.0.40219.1
Project("{9A19103F-16F7-4668-BE54-9A1E7A4F7556}") = "Ap1_P1_JairoCamilo", "Ap1_P1_JairoCamilo.csproj", "{EDE8C021-5286-407B-9C10-CA581EC0B086}"
EndProject
Global
	GlobalSection(SolutionConfigurationPlatforms) = preSolution
		Debug|Any CPU = Debug|Any CPU
		Release|Any CPU = Release|Any CPU
	EndGlobalSection
	GlobalSection(ProjectConfigurationPlatforms) = postSolution
		{EDE8C021-5286-407B-9C10-CA581EC0B086}.Debug|Any CPU.ActiveCfg = Debug|Any CPU
		{EDE8C021-5286-407B-9C10-CA581EC0B086}.Debug|Any CPU.Build.0 = Debug|Any CPU
		{EDE8C021-5286-407B-9C10-CA581EC0B086}.Release|Any CPU.ActiveCfg = Release|Any CPU
		{EDE8C021-5286-407B-9C10-CA581EC0B086}.Release|Any CPU.Build.0 = Release|Any CPU
	EndGlobalSection
	GlobalSection(SolutionProperties) = preSolution
		HideSolutionNode = FALSE
	EndGlobalSection
	GlobalSection(ExtensibilityGlobals) = postSolution
		SolutionGuid = {FC4DD9A6-09D9-4170-A1F8-78A30CD81584}
	EndGlobalSection
EndGlobal
